// !$*UTF8*$!
{
	archiveVersion = 1;
	classes = {
	};
	objectVersion = 56;
	objects = {

/* Begin PBXBuildFile section */
		5405D2EA29A68DB900A77E06 /* RMGetAllCharactersResponse.swift in Sources */ = {isa = PBXBuildFile; fileRef = 5405D2E929A68DB900A77E06 /* RMGetAllCharactersResponse.swift */; };
		540B0C1E29A500480031DA14 /* RMOrigin.swift in Sources */ = {isa = PBXBuildFile; fileRef = 540B0C1D29A500480031DA14 /* RMOrigin.swift */; };
		540B0C2029A501050031DA14 /* RMSingleLocation.swift in Sources */ = {isa = PBXBuildFile; fileRef = 540B0C1F29A501050031DA14 /* RMSingleLocation.swift */; };
		540B0C2229A504270031DA14 /* RMCharacterStatus.swift in Sources */ = {isa = PBXBuildFile; fileRef = 540B0C2129A504270031DA14 /* RMCharacterStatus.swift */; };
		540B0C2429A505AF0031DA14 /* RMCharacterGender.swift in Sources */ = {isa = PBXBuildFile; fileRef = 540B0C2329A505AF0031DA14 /* RMCharacterGender.swift */; };
		5411CCF929A219A5007E91FD /* RMService.swift in Sources */ = {isa = PBXBuildFile; fileRef = 5411CCF829A219A5007E91FD /* RMService.swift */; };
		5411CCFB29A219AF007E91FD /* RMRequest.swift in Sources */ = {isa = PBXBuildFile; fileRef = 5411CCFA29A219AF007E91FD /* RMRequest.swift */; };
		5411CCFD29A21B5B007E91FD /* RMEndpoint.swift in Sources */ = {isa = PBXBuildFile; fileRef = 5411CCFC29A21B5B007E91FD /* RMEndpoint.swift */; };
		544A59D329EC28E100C98E29 /* RMSettingsViewViewModel.swift in Sources */ = {isa = PBXBuildFile; fileRef = 544A59D229EC28E100C98E29 /* RMSettingsViewViewModel.swift */; };
		544A59D529EC29B000C98E29 /* RMSettingsCellViewModel.swift in Sources */ = {isa = PBXBuildFile; fileRef = 544A59D429EC29B000C98E29 /* RMSettingsCellViewModel.swift */; };
		544A59D729EC2B0600C98E29 /* RMSettingsOption.swift in Sources */ = {isa = PBXBuildFile; fileRef = 544A59D629EC2B0600C98E29 /* RMSettingsOption.swift */; };
		544A59DA29EC514D00C98E29 /* RMSettingsView.swift in Sources */ = {isa = PBXBuildFile; fileRef = 544A59D929EC514D00C98E29 /* RMSettingsView.swift */; };
		544D050E29A121B200706C1C /* AppDelegate.swift in Sources */ = {isa = PBXBuildFile; fileRef = 544D050D29A121B200706C1C /* AppDelegate.swift */; };
		544D051029A121B200706C1C /* SceneDelegate.swift in Sources */ = {isa = PBXBuildFile; fileRef = 544D050F29A121B200706C1C /* SceneDelegate.swift */; };
		544D051229A121B200706C1C /* RMTabBarController.swift in Sources */ = {isa = PBXBuildFile; fileRef = 544D051129A121B200706C1C /* RMTabBarController.swift */; };
		544D051729A121B300706C1C /* Assets.xcassets in Resources */ = {isa = PBXBuildFile; fileRef = 544D051629A121B300706C1C /* Assets.xcassets */; };
		544D051A29A121B300706C1C /* LaunchScreen.storyboard in Resources */ = {isa = PBXBuildFile; fileRef = 544D051829A121B300706C1C /* LaunchScreen.storyboard */; };
		544D052929A1271700706C1C /* RMLocation.swift in Sources */ = {isa = PBXBuildFile; fileRef = 544D052829A1271700706C1C /* RMLocation.swift */; };
		544D052B29A1273A00706C1C /* RMCharacter.swift in Sources */ = {isa = PBXBuildFile; fileRef = 544D052A29A1273A00706C1C /* RMCharacter.swift */; };
		544D052D29A1274600706C1C /* RMEpisode.swift in Sources */ = {isa = PBXBuildFile; fileRef = 544D052C29A1274600706C1C /* RMEpisode.swift */; };
		544D053029A1283400706C1C /* RMCharactersViewController.swift in Sources */ = {isa = PBXBuildFile; fileRef = 544D052F29A1283400706C1C /* RMCharactersViewController.swift */; };
		544D053229A1285D00706C1C /* RMLocationsViewController.swift in Sources */ = {isa = PBXBuildFile; fileRef = 544D053129A1285D00706C1C /* RMLocationsViewController.swift */; };
		544D053429A1286D00706C1C /* RMEpisodesViewController.swift in Sources */ = {isa = PBXBuildFile; fileRef = 544D053329A1286D00706C1C /* RMEpisodesViewController.swift */; };
		544D053629A1288E00706C1C /* RMSettingsViewController.swift in Sources */ = {isa = PBXBuildFile; fileRef = 544D053529A1288E00706C1C /* RMSettingsViewController.swift */; };
		545431FF29A7A81400ED70B2 /* RMCharacterListViewViewModel.swift in Sources */ = {isa = PBXBuildFile; fileRef = 545431FE29A7A81400ED70B2 /* RMCharacterListViewViewModel.swift */; };
		5454320129A7A92800ED70B2 /* RMCharacterListView.swift in Sources */ = {isa = PBXBuildFile; fileRef = 5454320029A7A92800ED70B2 /* RMCharacterListView.swift */; };
		5454320329A7C5FF00ED70B2 /* Extensions.swift in Sources */ = {isa = PBXBuildFile; fileRef = 5454320229A7C5FF00ED70B2 /* Extensions.swift */; };
		5454320529A7D2D200ED70B2 /* RMCharacterCollectionViewCell.swift in Sources */ = {isa = PBXBuildFile; fileRef = 5454320429A7D2D200ED70B2 /* RMCharacterCollectionViewCell.swift */; };
		5454320729A7D68000ED70B2 /* RMCharacterCollectionViewCellViewModel.swift in Sources */ = {isa = PBXBuildFile; fileRef = 5454320629A7D68000ED70B2 /* RMCharacterCollectionViewCellViewModel.swift */; };
		5462AB5A29ED7283006DFCDC /* RMLocationView.swift in Sources */ = {isa = PBXBuildFile; fileRef = 5462AB5929ED7283006DFCDC /* RMLocationView.swift */; };
		5462AB5D29ED77A6006DFCDC /* RMLocationViewViewModel.swift in Sources */ = {isa = PBXBuildFile; fileRef = 5462AB5C29ED77A6006DFCDC /* RMLocationViewViewModel.swift */; };
		5462AB5F29EDB398006DFCDC /* RMGetAllLocationsResponse.swift in Sources */ = {isa = PBXBuildFile; fileRef = 5462AB5E29EDB398006DFCDC /* RMGetAllLocationsResponse.swift */; };
		5462AB6129EDB9E3006DFCDC /* RMLocationTableViewCell.swift in Sources */ = {isa = PBXBuildFile; fileRef = 5462AB6029EDB9E3006DFCDC /* RMLocationTableViewCell.swift */; };
		5462AB6329EDBB2E006DFCDC /* RMLocationTableViewCellViewModel.swift in Sources */ = {isa = PBXBuildFile; fileRef = 5462AB6229EDBB2E006DFCDC /* RMLocationTableViewCellViewModel.swift */; };
		5476367729EED2550055D8C7 /* RMLocationDetailsViewController.swift in Sources */ = {isa = PBXBuildFile; fileRef = 5476367629EED2550055D8C7 /* RMLocationDetailsViewController.swift */; };
		5476367A29EEFA870055D8C7 /* RMLocationDetailsView.swift in Sources */ = {isa = PBXBuildFile; fileRef = 5476367929EEFA870055D8C7 /* RMLocationDetailsView.swift */; };
		5476367D29EF00B40055D8C7 /* RMLocationDetailsViewViewModel.swift in Sources */ = {isa = PBXBuildFile; fileRef = 5476367C29EF00B40055D8C7 /* RMLocationDetailsViewViewModel.swift */; };
		5488B30829E55A7F00D6CCE0 /* RMEpisodeListView.swift in Sources */ = {isa = PBXBuildFile; fileRef = 5488B30729E55A7F00D6CCE0 /* RMEpisodeListView.swift */; };
		5488B30A29E5690D00D6CCE0 /* RMEpisodeListViewViewModel.swift in Sources */ = {isa = PBXBuildFile; fileRef = 5488B30929E5690D00D6CCE0 /* RMEpisodeListViewViewModel.swift */; };
		5488B30C29E5722200D6CCE0 /* RMGetAIlEpisodesResponse.swift in Sources */ = {isa = PBXBuildFile; fileRef = 5488B30B29E5722200D6CCE0 /* RMGetAIlEpisodesResponse.swift */; };
		5494B41729E400CD00AC928B /* RMEpisodeDetailsViewController.swift in Sources */ = {isa = PBXBuildFile; fileRef = 5494B41629E400CD00AC928B /* RMEpisodeDetailsViewController.swift */; };
		5494B41929E4100900AC928B /* RMAPICacheManager.swift in Sources */ = {isa = PBXBuildFile; fileRef = 5494B41829E4100900AC928B /* RMAPICacheManager.swift */; };
		5494B41B29E4828900AC928B /* RMEpisodeDetailsViewViewModel.swift in Sources */ = {isa = PBXBuildFile; fileRef = 5494B41A29E4828900AC928B /* RMEpisodeDetailsViewViewModel.swift */; };
		5494B41D29E4837000AC928B /* RMEpisodeDetailsView.swift in Sources */ = {isa = PBXBuildFile; fileRef = 5494B41C29E4837000AC928B /* RMEpisodeDetailsView.swift */; };
		54AA523629F018E300FC4A4C /* RMSearchView.swift in Sources */ = {isa = PBXBuildFile; fileRef = 54AA523529F018E300FC4A4C /* RMSearchView.swift */; };
		54AA523929F01AE000FC4A4C /* RMSearchViewViewModel.swift in Sources */ = {isa = PBXBuildFile; fileRef = 54AA523829F01AE000FC4A4C /* RMSearchViewViewModel.swift */; };
		54AA523B29F01DC200FC4A4C /* RMNoSearchResultsView.swift in Sources */ = {isa = PBXBuildFile; fileRef = 54AA523A29F01DC200FC4A4C /* RMNoSearchResultsView.swift */; };
		54AA523D29F01E0800FC4A4C /* RMNoSearchResultsViewViewModel.swift in Sources */ = {isa = PBXBuildFile; fileRef = 54AA523C29F01E0800FC4A4C /* RMNoSearchResultsViewViewModel.swift */; };
		54AA523F29F01EBB00FC4A4C /* RMSearchInputView.swift in Sources */ = {isa = PBXBuildFile; fileRef = 54AA523E29F01EBB00FC4A4C /* RMSearchInputView.swift */; };
		54AA524129F01EF600FC4A4C /* RMSearchInputViewViewModel.swift in Sources */ = {isa = PBXBuildFile; fileRef = 54AA524029F01EF600FC4A4C /* RMSearchInputViewViewModel.swift */; };
		54B1F43829E86D0C0001162D /* RMEpisodeInfoCollectionViewCell.swift in Sources */ = {isa = PBXBuildFile; fileRef = 54B1F43729E86D0C0001162D /* RMEpisodeInfoCollectionViewCell.swift */; };
		54B1F43B29E86DB10001162D /* RMEpisodeInfoCollectionViewCellViewModel.swift in Sources */ = {isa = PBXBuildFile; fileRef = 54B1F43A29E86DB10001162D /* RMEpisodeInfoCollectionViewCellViewModel.swift */; };
		54B8F76829CF6C7500A10E0C /* RMCharacterPhotoCollectionViewCell.swift in Sources */ = {isa = PBXBuildFile; fileRef = 54B8F76729CF6C7500A10E0C /* RMCharacterPhotoCollectionViewCell.swift */; };
		54B8F76A29CF6C9700A10E0C /* RMCharacterInfoCollectionViewCell.swift in Sources */ = {isa = PBXBuildFile; fileRef = 54B8F76929CF6C9700A10E0C /* RMCharacterInfoCollectionViewCell.swift */; };
		54B8F76C29CF6D1600A10E0C /* RMCharacterEpisodeCollectionViewCell.swift in Sources */ = {isa = PBXBuildFile; fileRef = 54B8F76B29CF6D1600A10E0C /* RMCharacterEpisodeCollectionViewCell.swift */; };
		54B8F76F29CF6D9A00A10E0C /* RMCharacterInfoCollectionViewCellViewModel.swift in Sources */ = {isa = PBXBuildFile; fileRef = 54B8F76E29CF6D9A00A10E0C /* RMCharacterInfoCollectionViewCellViewModel.swift */; };
		54B8F77129CF6DC200A10E0C /* RMCharacterEpisodeCollectionViewCellViewModel.swift in Sources */ = {isa = PBXBuildFile; fileRef = 54B8F77029CF6DC200A10E0C /* RMCharacterEpisodeCollectionViewCellViewModel.swift */; };
		54B8F77329CF6DF700A10E0C /* RMCharacterPhotoCollectionViewCellViewModel.swift in Sources */ = {isa = PBXBuildFile; fileRef = 54B8F77229CF6DF700A10E0C /* RMCharacterPhotoCollectionViewCellViewModel.swift */; };
		54C7D9EB29AF3B61008AFE63 /* RMFooterLoadingCollectionReusableView.swift in Sources */ = {isa = PBXBuildFile; fileRef = 54C7D9EA29AF3B60008AFE63 /* RMFooterLoadingCollectionReusableView.swift */; };
		54CA7D3F29AE6EF500D14A5A /* RMCharacterDetailsViewController.swift in Sources */ = {isa = PBXBuildFile; fileRef = 54CA7D3E29AE6EF500D14A5A /* RMCharacterDetailsViewController.swift */; };
		54CA7D4129AE704700D14A5A /* RMCharacterDetailsView.swift in Sources */ = {isa = PBXBuildFile; fileRef = 54CA7D4029AE704700D14A5A /* RMCharacterDetailsView.swift */; };
		54CA7D4329AE70BE00D14A5A /* RMCharacterDetailsViewViewModel.swift in Sources */ = {isa = PBXBuildFile; fileRef = 54CA7D4229AE70BE00D14A5A /* RMCharacterDetailsViewViewModel.swift */; };
		54CCA72229B120D100C19EED /* RMImageLoader.swift in Sources */ = {isa = PBXBuildFile; fileRef = 54CCA72129B120D100C19EED /* RMImageLoader.swift */; };
		54D46E6529E6D88900665CA0 /* RMSearchViewController.swift in Sources */ = {isa = PBXBuildFile; fileRef = 54D46E6429E6D88900665CA0 /* RMSearchViewController.swift */; };
/* End PBXBuildFile section */

/* Begin PBXFileReference section */
		5405D2E929A68DB900A77E06 /* RMGetAllCharactersResponse.swift */ = {isa = PBXFileReference; lastKnownFileType = sourcecode.swift; path = RMGetAllCharactersResponse.swift; sourceTree = "<group>"; };
		540B0C1D29A500480031DA14 /* RMOrigin.swift */ = {isa = PBXFileReference; lastKnownFileType = sourcecode.swift; path = RMOrigin.swift; sourceTree = "<group>"; };
		540B0C1F29A501050031DA14 /* RMSingleLocation.swift */ = {isa = PBXFileReference; lastKnownFileType = sourcecode.swift; path = RMSingleLocation.swift; sourceTree = "<group>"; };
		540B0C2129A504270031DA14 /* RMCharacterStatus.swift */ = {isa = PBXFileReference; lastKnownFileType = sourcecode.swift; path = RMCharacterStatus.swift; sourceTree = "<group>"; };
		540B0C2329A505AF0031DA14 /* RMCharacterGender.swift */ = {isa = PBXFileReference; lastKnownFileType = sourcecode.swift; path = RMCharacterGender.swift; sourceTree = "<group>"; };
		5411CCF829A219A5007E91FD /* RMService.swift */ = {isa = PBXFileReference; lastKnownFileType = sourcecode.swift; path = RMService.swift; sourceTree = "<group>"; };
		5411CCFA29A219AF007E91FD /* RMRequest.swift */ = {isa = PBXFileReference; lastKnownFileType = sourcecode.swift; path = RMRequest.swift; sourceTree = "<group>"; };
		5411CCFC29A21B5B007E91FD /* RMEndpoint.swift */ = {isa = PBXFileReference; lastKnownFileType = sourcecode.swift; path = RMEndpoint.swift; sourceTree = "<group>"; };
		544A59D229EC28E100C98E29 /* RMSettingsViewViewModel.swift */ = {isa = PBXFileReference; lastKnownFileType = sourcecode.swift; path = RMSettingsViewViewModel.swift; sourceTree = "<group>"; };
		544A59D429EC29B000C98E29 /* RMSettingsCellViewModel.swift */ = {isa = PBXFileReference; lastKnownFileType = sourcecode.swift; path = RMSettingsCellViewModel.swift; sourceTree = "<group>"; };
		544A59D629EC2B0600C98E29 /* RMSettingsOption.swift */ = {isa = PBXFileReference; lastKnownFileType = sourcecode.swift; path = RMSettingsOption.swift; sourceTree = "<group>"; };
		544A59D929EC514D00C98E29 /* RMSettingsView.swift */ = {isa = PBXFileReference; lastKnownFileType = sourcecode.swift; path = RMSettingsView.swift; sourceTree = "<group>"; };
		544D050A29A121B200706C1C /* RickAndMorty.app */ = {isa = PBXFileReference; explicitFileType = wrapper.application; includeInIndex = 0; path = RickAndMorty.app; sourceTree = BUILT_PRODUCTS_DIR; };
		544D050D29A121B200706C1C /* AppDelegate.swift */ = {isa = PBXFileReference; lastKnownFileType = sourcecode.swift; path = AppDelegate.swift; sourceTree = "<group>"; };
		544D050F29A121B200706C1C /* SceneDelegate.swift */ = {isa = PBXFileReference; lastKnownFileType = sourcecode.swift; path = SceneDelegate.swift; sourceTree = "<group>"; };
		544D051129A121B200706C1C /* RMTabBarController.swift */ = {isa = PBXFileReference; lastKnownFileType = sourcecode.swift; path = RMTabBarController.swift; sourceTree = "<group>"; };
		544D051629A121B300706C1C /* Assets.xcassets */ = {isa = PBXFileReference; lastKnownFileType = folder.assetcatalog; path = Assets.xcassets; sourceTree = "<group>"; };
		544D051929A121B300706C1C /* Base */ = {isa = PBXFileReference; lastKnownFileType = file.storyboard; name = Base; path = Base.lproj/LaunchScreen.storyboard; sourceTree = "<group>"; };
		544D051B29A121B300706C1C /* Info.plist */ = {isa = PBXFileReference; lastKnownFileType = text.plist.xml; path = Info.plist; sourceTree = "<group>"; };
		544D052829A1271700706C1C /* RMLocation.swift */ = {isa = PBXFileReference; lastKnownFileType = sourcecode.swift; path = RMLocation.swift; sourceTree = "<group>"; };
		544D052A29A1273A00706C1C /* RMCharacter.swift */ = {isa = PBXFileReference; lastKnownFileType = sourcecode.swift; path = RMCharacter.swift; sourceTree = "<group>"; };
		544D052C29A1274600706C1C /* RMEpisode.swift */ = {isa = PBXFileReference; lastKnownFileType = sourcecode.swift; path = RMEpisode.swift; sourceTree = "<group>"; };
		544D052F29A1283400706C1C /* RMCharactersViewController.swift */ = {isa = PBXFileReference; lastKnownFileType = sourcecode.swift; path = RMCharactersViewController.swift; sourceTree = "<group>"; };
		544D053129A1285D00706C1C /* RMLocationsViewController.swift */ = {isa = PBXFileReference; lastKnownFileType = sourcecode.swift; path = RMLocationsViewController.swift; sourceTree = "<group>"; };
		544D053329A1286D00706C1C /* RMEpisodesViewController.swift */ = {isa = PBXFileReference; lastKnownFileType = sourcecode.swift; path = RMEpisodesViewController.swift; sourceTree = "<group>"; };
		544D053529A1288E00706C1C /* RMSettingsViewController.swift */ = {isa = PBXFileReference; lastKnownFileType = sourcecode.swift; path = RMSettingsViewController.swift; sourceTree = "<group>"; };
		545431FE29A7A81400ED70B2 /* RMCharacterListViewViewModel.swift */ = {isa = PBXFileReference; lastKnownFileType = sourcecode.swift; path = RMCharacterListViewViewModel.swift; sourceTree = "<group>"; };
		5454320029A7A92800ED70B2 /* RMCharacterListView.swift */ = {isa = PBXFileReference; lastKnownFileType = sourcecode.swift; path = RMCharacterListView.swift; sourceTree = "<group>"; };
		5454320229A7C5FF00ED70B2 /* Extensions.swift */ = {isa = PBXFileReference; lastKnownFileType = sourcecode.swift; path = Extensions.swift; sourceTree = "<group>"; };
		5454320429A7D2D200ED70B2 /* RMCharacterCollectionViewCell.swift */ = {isa = PBXFileReference; lastKnownFileType = sourcecode.swift; path = RMCharacterCollectionViewCell.swift; sourceTree = "<group>"; };
		5454320629A7D68000ED70B2 /* RMCharacterCollectionViewCellViewModel.swift */ = {isa = PBXFileReference; lastKnownFileType = sourcecode.swift; path = RMCharacterCollectionViewCellViewModel.swift; sourceTree = "<group>"; };
		5462AB5929ED7283006DFCDC /* RMLocationView.swift */ = {isa = PBXFileReference; lastKnownFileType = sourcecode.swift; path = RMLocationView.swift; sourceTree = "<group>"; };
		5462AB5C29ED77A6006DFCDC /* RMLocationViewViewModel.swift */ = {isa = PBXFileReference; lastKnownFileType = sourcecode.swift; path = RMLocationViewViewModel.swift; sourceTree = "<group>"; };
		5462AB5E29EDB398006DFCDC /* RMGetAllLocationsResponse.swift */ = {isa = PBXFileReference; lastKnownFileType = sourcecode.swift; path = RMGetAllLocationsResponse.swift; sourceTree = "<group>"; };
		5462AB6029EDB9E3006DFCDC /* RMLocationTableViewCell.swift */ = {isa = PBXFileReference; lastKnownFileType = sourcecode.swift; path = RMLocationTableViewCell.swift; sourceTree = "<group>"; };
		5462AB6229EDBB2E006DFCDC /* RMLocationTableViewCellViewModel.swift */ = {isa = PBXFileReference; lastKnownFileType = sourcecode.swift; path = RMLocationTableViewCellViewModel.swift; sourceTree = "<group>"; };
		5476367629EED2550055D8C7 /* RMLocationDetailsViewController.swift */ = {isa = PBXFileReference; lastKnownFileType = sourcecode.swift; path = RMLocationDetailsViewController.swift; sourceTree = "<group>"; };
		5476367929EEFA870055D8C7 /* RMLocationDetailsView.swift */ = {isa = PBXFileReference; lastKnownFileType = sourcecode.swift; path = RMLocationDetailsView.swift; sourceTree = "<group>"; };
		5476367C29EF00B40055D8C7 /* RMLocationDetailsViewViewModel.swift */ = {isa = PBXFileReference; lastKnownFileType = sourcecode.swift; path = RMLocationDetailsViewViewModel.swift; sourceTree = "<group>"; };
		5488B30729E55A7F00D6CCE0 /* RMEpisodeListView.swift */ = {isa = PBXFileReference; lastKnownFileType = sourcecode.swift; path = RMEpisodeListView.swift; sourceTree = "<group>"; };
		5488B30929E5690D00D6CCE0 /* RMEpisodeListViewViewModel.swift */ = {isa = PBXFileReference; lastKnownFileType = sourcecode.swift; path = RMEpisodeListViewViewModel.swift; sourceTree = "<group>"; };
		5488B30B29E5722200D6CCE0 /* RMGetAIlEpisodesResponse.swift */ = {isa = PBXFileReference; lastKnownFileType = sourcecode.swift; path = RMGetAIlEpisodesResponse.swift; sourceTree = "<group>"; };
		5494B41629E400CD00AC928B /* RMEpisodeDetailsViewController.swift */ = {isa = PBXFileReference; lastKnownFileType = sourcecode.swift; path = RMEpisodeDetailsViewController.swift; sourceTree = "<group>"; };
		5494B41829E4100900AC928B /* RMAPICacheManager.swift */ = {isa = PBXFileReference; lastKnownFileType = sourcecode.swift; path = RMAPICacheManager.swift; sourceTree = "<group>"; };
		5494B41A29E4828900AC928B /* RMEpisodeDetailsViewViewModel.swift */ = {isa = PBXFileReference; lastKnownFileType = sourcecode.swift; path = RMEpisodeDetailsViewViewModel.swift; sourceTree = "<group>"; };
		5494B41C29E4837000AC928B /* RMEpisodeDetailsView.swift */ = {isa = PBXFileReference; lastKnownFileType = sourcecode.swift; path = RMEpisodeDetailsView.swift; sourceTree = "<group>"; };
		54AA523529F018E300FC4A4C /* RMSearchView.swift */ = {isa = PBXFileReference; lastKnownFileType = sourcecode.swift; path = RMSearchView.swift; sourceTree = "<group>"; };
		54AA523829F01AE000FC4A4C /* RMSearchViewViewModel.swift */ = {isa = PBXFileReference; lastKnownFileType = sourcecode.swift; path = RMSearchViewViewModel.swift; sourceTree = "<group>"; };
		54AA523A29F01DC200FC4A4C /* RMNoSearchResultsView.swift */ = {isa = PBXFileReference; lastKnownFileType = sourcecode.swift; path = RMNoSearchResultsView.swift; sourceTree = "<group>"; };
		54AA523C29F01E0800FC4A4C /* RMNoSearchResultsViewViewModel.swift */ = {isa = PBXFileReference; lastKnownFileType = sourcecode.swift; path = RMNoSearchResultsViewViewModel.swift; sourceTree = "<group>"; };
		54AA523E29F01EBB00FC4A4C /* RMSearchInputView.swift */ = {isa = PBXFileReference; lastKnownFileType = sourcecode.swift; path = RMSearchInputView.swift; sourceTree = "<group>"; };
		54AA524029F01EF600FC4A4C /* RMSearchInputViewViewModel.swift */ = {isa = PBXFileReference; lastKnownFileType = sourcecode.swift; path = RMSearchInputViewViewModel.swift; sourceTree = "<group>"; };
		54B1F43729E86D0C0001162D /* RMEpisodeInfoCollectionViewCell.swift */ = {isa = PBXFileReference; lastKnownFileType = sourcecode.swift; path = RMEpisodeInfoCollectionViewCell.swift; sourceTree = "<group>"; };
		54B1F43A29E86DB10001162D /* RMEpisodeInfoCollectionViewCellViewModel.swift */ = {isa = PBXFileReference; lastKnownFileType = sourcecode.swift; path = RMEpisodeInfoCollectionViewCellViewModel.swift; sourceTree = "<group>"; };
		54B8F76729CF6C7500A10E0C /* RMCharacterPhotoCollectionViewCell.swift */ = {isa = PBXFileReference; lastKnownFileType = sourcecode.swift; path = RMCharacterPhotoCollectionViewCell.swift; sourceTree = "<group>"; };
		54B8F76929CF6C9700A10E0C /* RMCharacterInfoCollectionViewCell.swift */ = {isa = PBXFileReference; lastKnownFileType = sourcecode.swift; path = RMCharacterInfoCollectionViewCell.swift; sourceTree = "<group>"; };
		54B8F76B29CF6D1600A10E0C /* RMCharacterEpisodeCollectionViewCell.swift */ = {isa = PBXFileReference; lastKnownFileType = sourcecode.swift; path = RMCharacterEpisodeCollectionViewCell.swift; sourceTree = "<group>"; };
		54B8F76E29CF6D9A00A10E0C /* RMCharacterInfoCollectionViewCellViewModel.swift */ = {isa = PBXFileReference; lastKnownFileType = sourcecode.swift; path = RMCharacterInfoCollectionViewCellViewModel.swift; sourceTree = "<group>"; };
		54B8F77029CF6DC200A10E0C /* RMCharacterEpisodeCollectionViewCellViewModel.swift */ = {isa = PBXFileReference; lastKnownFileType = sourcecode.swift; path = RMCharacterEpisodeCollectionViewCellViewModel.swift; sourceTree = "<group>"; };
		54B8F77229CF6DF700A10E0C /* RMCharacterPhotoCollectionViewCellViewModel.swift */ = {isa = PBXFileReference; lastKnownFileType = sourcecode.swift; path = RMCharacterPhotoCollectionViewCellViewModel.swift; sourceTree = "<group>"; };
		54C7D9EA29AF3B60008AFE63 /* RMFooterLoadingCollectionReusableView.swift */ = {isa = PBXFileReference; lastKnownFileType = sourcecode.swift; path = RMFooterLoadingCollectionReusableView.swift; sourceTree = "<group>"; };
		54CA7D3E29AE6EF500D14A5A /* RMCharacterDetailsViewController.swift */ = {isa = PBXFileReference; lastKnownFileType = sourcecode.swift; path = RMCharacterDetailsViewController.swift; sourceTree = "<group>"; };
		54CA7D4029AE704700D14A5A /* RMCharacterDetailsView.swift */ = {isa = PBXFileReference; lastKnownFileType = sourcecode.swift; path = RMCharacterDetailsView.swift; sourceTree = "<group>"; };
		54CA7D4229AE70BE00D14A5A /* RMCharacterDetailsViewViewModel.swift */ = {isa = PBXFileReference; lastKnownFileType = sourcecode.swift; path = RMCharacterDetailsViewViewModel.swift; sourceTree = "<group>"; };
		54CCA72129B120D100C19EED /* RMImageLoader.swift */ = {isa = PBXFileReference; lastKnownFileType = sourcecode.swift; path = RMImageLoader.swift; sourceTree = "<group>"; };
		54D46E6429E6D88900665CA0 /* RMSearchViewController.swift */ = {isa = PBXFileReference; lastKnownFileType = sourcecode.swift; path = RMSearchViewController.swift; sourceTree = "<group>"; };
/* End PBXFileReference section */

/* Begin PBXFrameworksBuildPhase section */
		544D050729A121B200706C1C /* Frameworks */ = {
			isa = PBXFrameworksBuildPhase;
			buildActionMask = 2147483647;
			files = (
			);
			runOnlyForDeploymentPostprocessing = 0;
		};
/* End PBXFrameworksBuildPhase section */

/* Begin PBXGroup section */
		5405D2E729A68D8000A77E06 /* DataTypes */ = {
			isa = PBXGroup;
			children = (
				544D052829A1271700706C1C /* RMLocation.swift */,
				544D052A29A1273A00706C1C /* RMCharacter.swift */,
				544D052C29A1274600706C1C /* RMEpisode.swift */,
				540B0C1D29A500480031DA14 /* RMOrigin.swift */,
				540B0C1F29A501050031DA14 /* RMSingleLocation.swift */,
				540B0C2129A504270031DA14 /* RMCharacterStatus.swift */,
				540B0C2329A505AF0031DA14 /* RMCharacterGender.swift */,
			);
			path = DataTypes;
			sourceTree = "<group>";
		};
		5405D2E829A68D9000A77E06 /* APIResponseTypes */ = {
			isa = PBXGroup;
			children = (
				5405D2E929A68DB900A77E06 /* RMGetAllCharactersResponse.swift */,
				5488B30B29E5722200D6CCE0 /* RMGetAIlEpisodesResponse.swift */,
				5462AB5E29EDB398006DFCDC /* RMGetAllLocationsResponse.swift */,
			);
			path = APIResponseTypes;
			sourceTree = "<group>";
		};
		544A59D129EC28BD00C98E29 /* Settings */ = {
			isa = PBXGroup;
			children = (
				544A59D229EC28E100C98E29 /* RMSettingsViewViewModel.swift */,
				544A59D429EC29B000C98E29 /* RMSettingsCellViewModel.swift */,
				544A59D629EC2B0600C98E29 /* RMSettingsOption.swift */,
			);
			path = Settings;
			sourceTree = "<group>";
		};
		544A59D829EC512100C98E29 /* SwiftUI */ = {
			isa = PBXGroup;
			children = (
				544A59D929EC514D00C98E29 /* RMSettingsView.swift */,
			);
			path = SwiftUI;
			sourceTree = "<group>";
		};
		544D050129A121B200706C1C = {
			isa = PBXGroup;
			children = (
				544D050C29A121B200706C1C /* RickAndMorty */,
				544D050B29A121B200706C1C /* Products */,
			);
			sourceTree = "<group>";
		};
		544D050B29A121B200706C1C /* Products */ = {
			isa = PBXGroup;
			children = (
				544D050A29A121B200706C1C /* RickAndMorty.app */,
			);
			name = Products;
			sourceTree = "<group>";
		};
		544D050C29A121B200706C1C /* RickAndMorty */ = {
			isa = PBXGroup;
			children = (
				544D052729A125F200706C1C /* Resources */,
				544D052629A125EC00706C1C /* Managers */,
				544D052529A125D400706C1C /* APIClient */,
				544D052429A125C500706C1C /* Models */,
				544D052329A125BA00706C1C /* ViewModels */,
				544D052229A1259900706C1C /* Views */,
				544D052129A1258E00706C1C /* Controllers */,
				544D051B29A121B300706C1C /* Info.plist */,
			);
			path = RickAndMorty;
			sourceTree = "<group>";
		};
		544D052129A1258E00706C1C /* Controllers */ = {
			isa = PBXGroup;
			children = (
				54CA7D3D29AE6ECD00D14A5A /* Other */,
				544D052E29A1280E00706C1C /* Core */,
			);
			path = Controllers;
			sourceTree = "<group>";
		};
		544D052229A1259900706C1C /* Views */ = {
			isa = PBXGroup;
			children = (
				54AA523429F018D100FC4A4C /* Search */,
				5462AB5829ED7253006DFCDC /* Location */,
				5476367829EEFA430055D8C7 /* LocationDetails */,
				544A59D829EC512100C98E29 /* SwiftUI */,
				5488B30629E55A4E00D6CCE0 /* Episode */,
				54B1F43629E86C9A0001162D /* EpisodeDetails */,
				54B8F76629CF6C1E00A10E0C /* Character */,
				54B8F76529CF6BE600A10E0C /* CharacterDetails */,
				54C7D9EA29AF3B60008AFE63 /* RMFooterLoadingCollectionReusableView.swift */,
			);
			path = Views;
			sourceTree = "<group>";
		};
		544D052329A125BA00706C1C /* ViewModels */ = {
			isa = PBXGroup;
			children = (
				54AA523729F01AB300FC4A4C /* Search */,
				5462AB5B29ED7796006DFCDC /* Location */,
				5476367B29EF00980055D8C7 /* LocationDetails */,
				544A59D129EC28BD00C98E29 /* Settings */,
				54B1F43929E86D730001162D /* EpisodeDetails */,
				54B8F76D29CF6D4500A10E0C /* CharacterDetails */,
				545431FE29A7A81400ED70B2 /* RMCharacterListViewViewModel.swift */,
				5454320629A7D68000ED70B2 /* RMCharacterCollectionViewCellViewModel.swift */,
				5488B30929E5690D00D6CCE0 /* RMEpisodeListViewViewModel.swift */,
			);
			path = ViewModels;
			sourceTree = "<group>";
		};
		544D052429A125C500706C1C /* Models */ = {
			isa = PBXGroup;
			children = (
				5405D2E829A68D9000A77E06 /* APIResponseTypes */,
				5405D2E729A68D8000A77E06 /* DataTypes */,
			);
			path = Models;
			sourceTree = "<group>";
		};
		544D052529A125D400706C1C /* APIClient */ = {
			isa = PBXGroup;
			children = (
				5411CCF829A219A5007E91FD /* RMService.swift */,
				5411CCFA29A219AF007E91FD /* RMRequest.swift */,
				5411CCFC29A21B5B007E91FD /* RMEndpoint.swift */,
			);
			path = APIClient;
			sourceTree = "<group>";
		};
		544D052629A125EC00706C1C /* Managers */ = {
			isa = PBXGroup;
			children = (
				54CCA72129B120D100C19EED /* RMImageLoader.swift */,
				5494B41829E4100900AC928B /* RMAPICacheManager.swift */,
			);
			path = Managers;
			sourceTree = "<group>";
		};
		544D052729A125F200706C1C /* Resources */ = {
			isa = PBXGroup;
			children = (
				544D050D29A121B200706C1C /* AppDelegate.swift */,
				544D050F29A121B200706C1C /* SceneDelegate.swift */,
				544D051629A121B300706C1C /* Assets.xcassets */,
				544D051829A121B300706C1C /* LaunchScreen.storyboard */,
				5454320229A7C5FF00ED70B2 /* Extensions.swift */,
			);
			path = Resources;
			sourceTree = "<group>";
		};
		544D052E29A1280E00706C1C /* Core */ = {
			isa = PBXGroup;
			children = (
				544D052F29A1283400706C1C /* RMCharactersViewController.swift */,
				544D053129A1285D00706C1C /* RMLocationsViewController.swift */,
				544D053329A1286D00706C1C /* RMEpisodesViewController.swift */,
				544D053529A1288E00706C1C /* RMSettingsViewController.swift */,
				544D051129A121B200706C1C /* RMTabBarController.swift */,
			);
			path = Core;
			sourceTree = "<group>";
		};
		5462AB5829ED7253006DFCDC /* Location */ = {
			isa = PBXGroup;
			children = (
				5462AB5929ED7283006DFCDC /* RMLocationView.swift */,
				5462AB6029EDB9E3006DFCDC /* RMLocationTableViewCell.swift */,
			);
			path = Location;
			sourceTree = "<group>";
		};
		5462AB5B29ED7796006DFCDC /* Location */ = {
			isa = PBXGroup;
			children = (
				5462AB5C29ED77A6006DFCDC /* RMLocationViewViewModel.swift */,
				5462AB6229EDBB2E006DFCDC /* RMLocationTableViewCellViewModel.swift */,
			);
			path = Location;
			sourceTree = "<group>";
		};
		5476367829EEFA430055D8C7 /* LocationDetails */ = {
			isa = PBXGroup;
			children = (
				5476367929EEFA870055D8C7 /* RMLocationDetailsView.swift */,
			);
			path = LocationDetails;
			sourceTree = "<group>";
		};
		5476367B29EF00980055D8C7 /* LocationDetails */ = {
			isa = PBXGroup;
			children = (
				5476367C29EF00B40055D8C7 /* RMLocationDetailsViewViewModel.swift */,
			);
			path = LocationDetails;
			sourceTree = "<group>";
		};
		5488B30629E55A4E00D6CCE0 /* Episode */ = {
			isa = PBXGroup;
			children = (
				5488B30729E55A7F00D6CCE0 /* RMEpisodeListView.swift */,
			);
			path = Episode;
			sourceTree = "<group>";
		};
		54AA523429F018D100FC4A4C /* Search */ = {
			isa = PBXGroup;
			children = (
				54AA523529F018E300FC4A4C /* RMSearchView.swift */,
				54AA523A29F01DC200FC4A4C /* RMNoSearchResultsView.swift */,
				54AA523E29F01EBB00FC4A4C /* RMSearchInputView.swift */,
			);
			path = Search;
			sourceTree = "<group>";
		};
		54AA523729F01AB300FC4A4C /* Search */ = {
			isa = PBXGroup;
			children = (
				54AA523829F01AE000FC4A4C /* RMSearchViewViewModel.swift */,
				54AA523C29F01E0800FC4A4C /* RMNoSearchResultsViewViewModel.swift */,
				54AA524029F01EF600FC4A4C /* RMSearchInputViewViewModel.swift */,
			);
			path = Search;
			sourceTree = "<group>";
		};
		54B1F43629E86C9A0001162D /* EpisodeDetails */ = {
			isa = PBXGroup;
			children = (
				5494B41C29E4837000AC928B /* RMEpisodeDetailsView.swift */,
				54B1F43729E86D0C0001162D /* RMEpisodeInfoCollectionViewCell.swift */,
			);
			path = EpisodeDetails;
			sourceTree = "<group>";
		};
		54B1F43929E86D730001162D /* EpisodeDetails */ = {
			isa = PBXGroup;
			children = (
				5494B41A29E4828900AC928B /* RMEpisodeDetailsViewViewModel.swift */,
				54B1F43A29E86DB10001162D /* RMEpisodeInfoCollectionViewCellViewModel.swift */,
			);
			path = EpisodeDetails;
			sourceTree = "<group>";
		};
		54B8F76529CF6BE600A10E0C /* CharacterDetails */ = {
			isa = PBXGroup;
			children = (
				54CA7D4029AE704700D14A5A /* RMCharacterDetailsView.swift */,
				54B8F76729CF6C7500A10E0C /* RMCharacterPhotoCollectionViewCell.swift */,
				54B8F76929CF6C9700A10E0C /* RMCharacterInfoCollectionViewCell.swift */,
				54B8F76B29CF6D1600A10E0C /* RMCharacterEpisodeCollectionViewCell.swift */,
			);
			path = CharacterDetails;
			sourceTree = "<group>";
		};
		54B8F76629CF6C1E00A10E0C /* Character */ = {
			isa = PBXGroup;
			children = (
				5454320029A7A92800ED70B2 /* RMCharacterListView.swift */,
				5454320429A7D2D200ED70B2 /* RMCharacterCollectionViewCell.swift */,
			);
			path = Character;
			sourceTree = "<group>";
		};
		54B8F76D29CF6D4500A10E0C /* CharacterDetails */ = {
			isa = PBXGroup;
			children = (
				54CA7D4229AE70BE00D14A5A /* RMCharacterDetailsViewViewModel.swift */,
				54B8F77229CF6DF700A10E0C /* RMCharacterPhotoCollectionViewCellViewModel.swift */,
				54B8F76E29CF6D9A00A10E0C /* RMCharacterInfoCollectionViewCellViewModel.swift */,
				54B8F77029CF6DC200A10E0C /* RMCharacterEpisodeCollectionViewCellViewModel.swift */,
			);
			path = CharacterDetails;
			sourceTree = "<group>";
		};
		54CA7D3D29AE6ECD00D14A5A /* Other */ = {
			isa = PBXGroup;
			children = (
				54CA7D3E29AE6EF500D14A5A /* RMCharacterDetailsViewController.swift */,
				5494B41629E400CD00AC928B /* RMEpisodeDetailsViewController.swift */,
				54D46E6429E6D88900665CA0 /* RMSearchViewController.swift */,
				5476367629EED2550055D8C7 /* RMLocationDetailsViewController.swift */,
			);
			path = Other;
			sourceTree = "<group>";
		};
/* End PBXGroup section */

/* Begin PBXNativeTarget section */
		544D050929A121B200706C1C /* RickAndMorty */ = {
			isa = PBXNativeTarget;
			buildConfigurationList = 544D051E29A121B300706C1C /* Build configuration list for PBXNativeTarget "RickAndMorty" */;
			buildPhases = (
				544D050629A121B200706C1C /* Sources */,
				544D050729A121B200706C1C /* Frameworks */,
				544D050829A121B200706C1C /* Resources */,
			);
			buildRules = (
			);
			dependencies = (
			);
			name = RickAndMorty;
			productName = RickAndMorty;
			productReference = 544D050A29A121B200706C1C /* RickAndMorty.app */;
			productType = "com.apple.product-type.application";
		};
/* End PBXNativeTarget section */

/* Begin PBXProject section */
		544D050229A121B200706C1C /* Project object */ = {
			isa = PBXProject;
			attributes = {
				BuildIndependentTargetsInParallel = 1;
				LastSwiftUpdateCheck = 1420;
				LastUpgradeCheck = 1420;
				TargetAttributes = {
					544D050929A121B200706C1C = {
						CreatedOnToolsVersion = 14.2;
					};
				};
			};
			buildConfigurationList = 544D050529A121B200706C1C /* Build configuration list for PBXProject "RickAndMorty" */;
			compatibilityVersion = "Xcode 14.0";
			developmentRegion = en;
			hasScannedForEncodings = 0;
			knownRegions = (
				en,
				Base,
			);
			mainGroup = 544D050129A121B200706C1C;
			productRefGroup = 544D050B29A121B200706C1C /* Products */;
			projectDirPath = "";
			projectRoot = "";
			targets = (
				544D050929A121B200706C1C /* RickAndMorty */,
			);
		};
/* End PBXProject section */

/* Begin PBXResourcesBuildPhase section */
		544D050829A121B200706C1C /* Resources */ = {
			isa = PBXResourcesBuildPhase;
			buildActionMask = 2147483647;
			files = (
				544D051A29A121B300706C1C /* LaunchScreen.storyboard in Resources */,
				544D051729A121B300706C1C /* Assets.xcassets in Resources */,
			);
			runOnlyForDeploymentPostprocessing = 0;
		};
/* End PBXResourcesBuildPhase section */

/* Begin PBXSourcesBuildPhase section */
		544D050629A121B200706C1C /* Sources */ = {
			isa = PBXSourcesBuildPhase;
			buildActionMask = 2147483647;
			files = (
				5488B30C29E5722200D6CCE0 /* RMGetAIlEpisodesResponse.swift in Sources */,
				540B0C1E29A500480031DA14 /* RMOrigin.swift in Sources */,
				540B0C2029A501050031DA14 /* RMSingleLocation.swift in Sources */,
				54D46E6529E6D88900665CA0 /* RMSearchViewController.swift in Sources */,
				54AA523929F01AE000FC4A4C /* RMSearchViewViewModel.swift in Sources */,
				54CA7D3F29AE6EF500D14A5A /* RMCharacterDetailsViewController.swift in Sources */,
				54AA523D29F01E0800FC4A4C /* RMNoSearchResultsViewViewModel.swift in Sources */,
				54B8F77329CF6DF700A10E0C /* RMCharacterPhotoCollectionViewCellViewModel.swift in Sources */,
				5454320129A7A92800ED70B2 /* RMCharacterListView.swift in Sources */,
				54CA7D4129AE704700D14A5A /* RMCharacterDetailsView.swift in Sources */,
				5405D2EA29A68DB900A77E06 /* RMGetAllCharactersResponse.swift in Sources */,
				540B0C2229A504270031DA14 /* RMCharacterStatus.swift in Sources */,
				54AA523B29F01DC200FC4A4C /* RMNoSearchResultsView.swift in Sources */,
				54B8F77129CF6DC200A10E0C /* RMCharacterEpisodeCollectionViewCellViewModel.swift in Sources */,
				5488B30829E55A7F00D6CCE0 /* RMEpisodeListView.swift in Sources */,
				540B0C2429A505AF0031DA14 /* RMCharacterGender.swift in Sources */,
				54C7D9EB29AF3B61008AFE63 /* RMFooterLoadingCollectionReusableView.swift in Sources */,
				544A59D329EC28E100C98E29 /* RMSettingsViewViewModel.swift in Sources */,
				5462AB6129EDB9E3006DFCDC /* RMLocationTableViewCell.swift in Sources */,
				544D053229A1285D00706C1C /* RMLocationsViewController.swift in Sources */,
				544D052D29A1274600706C1C /* RMEpisode.swift in Sources */,
				54B8F76A29CF6C9700A10E0C /* RMCharacterInfoCollectionViewCell.swift in Sources */,
				544A59D729EC2B0600C98E29 /* RMSettingsOption.swift in Sources */,
				544D051229A121B200706C1C /* RMTabBarController.swift in Sources */,
				54AA524129F01EF600FC4A4C /* RMSearchInputViewViewModel.swift in Sources */,
				5494B41729E400CD00AC928B /* RMEpisodeDetailsViewController.swift in Sources */,
				5494B41D29E4837000AC928B /* RMEpisodeDetailsView.swift in Sources */,
				5494B41B29E4828900AC928B /* RMEpisodeDetailsViewViewModel.swift in Sources */,
				54CA7D4329AE70BE00D14A5A /* RMCharacterDetailsViewViewModel.swift in Sources */,
				5454320529A7D2D200ED70B2 /* RMCharacterCollectionViewCell.swift in Sources */,
				544A59D529EC29B000C98E29 /* RMSettingsCellViewModel.swift in Sources */,
				544A59DA29EC514D00C98E29 /* RMSettingsView.swift in Sources */,
				544D053429A1286D00706C1C /* RMEpisodesViewController.swift in Sources */,
				544D050E29A121B200706C1C /* AppDelegate.swift in Sources */,
				544D051029A121B200706C1C /* SceneDelegate.swift in Sources */,
				54AA523629F018E300FC4A4C /* RMSearchView.swift in Sources */,
				5476367729EED2550055D8C7 /* RMLocationDetailsViewController.swift in Sources */,
				54B8F76829CF6C7500A10E0C /* RMCharacterPhotoCollectionViewCell.swift in Sources */,
				54AA523F29F01EBB00FC4A4C /* RMSearchInputView.swift in Sources */,
				5462AB5F29EDB398006DFCDC /* RMGetAllLocationsResponse.swift in Sources */,
				544D053629A1288E00706C1C /* RMSettingsViewController.swift in Sources */,
				5454320329A7C5FF00ED70B2 /* Extensions.swift in Sources */,
				5476367D29EF00B40055D8C7 /* RMLocationDetailsViewViewModel.swift in Sources */,
				5411CCF929A219A5007E91FD /* RMService.swift in Sources */,
				54B8F76F29CF6D9A00A10E0C /* RMCharacterInfoCollectionViewCellViewModel.swift in Sources */,
				5462AB6329EDBB2E006DFCDC /* RMLocationTableViewCellViewModel.swift in Sources */,
				544D052929A1271700706C1C /* RMLocation.swift in Sources */,
				5411CCFD29A21B5B007E91FD /* RMEndpoint.swift in Sources */,
				544D052B29A1273A00706C1C /* RMCharacter.swift in Sources */,
				54CCA72229B120D100C19EED /* RMImageLoader.swift in Sources */,
				5454320729A7D68000ED70B2 /* RMCharacterCollectionViewCellViewModel.swift in Sources */,
				5476367A29EEFA870055D8C7 /* RMLocationDetailsView.swift in Sources */,
				5411CCFB29A219AF007E91FD /* RMRequest.swift in Sources */,
				5462AB5A29ED7283006DFCDC /* RMLocationView.swift in Sources */,
				54B8F76C29CF6D1600A10E0C /* RMCharacterEpisodeCollectionViewCell.swift in Sources */,
				5488B30A29E5690D00D6CCE0 /* RMEpisodeListViewViewModel.swift in Sources */,
				545431FF29A7A81400ED70B2 /* RMCharacterListViewViewModel.swift in Sources */,
				54B1F43B29E86DB10001162D /* RMEpisodeInfoCollectionViewCellViewModel.swift in Sources */,
				54B1F43829E86D0C0001162D /* RMEpisodeInfoCollectionViewCell.swift in Sources */,
				5494B41929E4100900AC928B /* RMAPICacheManager.swift in Sources */,
				544D053029A1283400706C1C /* RMCharactersViewController.swift in Sources */,
				5462AB5D29ED77A6006DFCDC /* RMLocationViewViewModel.swift in Sources */,
			);
			runOnlyForDeploymentPostprocessing = 0;
		};
/* End PBXSourcesBuildPhase section */

/* Begin PBXVariantGroup section */
		544D051829A121B300706C1C /* LaunchScreen.storyboard */ = {
			isa = PBXVariantGroup;
			children = (
				544D051929A121B300706C1C /* Base */,
			);
			name = LaunchScreen.storyboard;
			sourceTree = "<group>";
		};
/* End PBXVariantGroup section */

/* Begin XCBuildConfiguration section */
		544D051C29A121B300706C1C /* Debug */ = {
			isa = XCBuildConfiguration;
			buildSettings = {
				ALWAYS_SEARCH_USER_PATHS = NO;
				CLANG_ANALYZER_NONNULL = YES;
				CLANG_ANALYZER_NUMBER_OBJECT_CONVERSION = YES_AGGRESSIVE;
				CLANG_CXX_LANGUAGE_STANDARD = "gnu++20";
				CLANG_ENABLE_MODULES = YES;
				CLANG_ENABLE_OBJC_ARC = YES;
				CLANG_ENABLE_OBJC_WEAK = YES;
				CLANG_WARN_BLOCK_CAPTURE_AUTORELEASING = YES;
				CLANG_WARN_BOOL_CONVERSION = YES;
				CLANG_WARN_COMMA = YES;
				CLANG_WARN_CONSTANT_CONVERSION = YES;
				CLANG_WARN_DEPRECATED_OBJC_IMPLEMENTATIONS = YES;
				CLANG_WARN_DIRECT_OBJC_ISA_USAGE = YES_ERROR;
				CLANG_WARN_DOCUMENTATION_COMMENTS = YES;
				CLANG_WARN_EMPTY_BODY = YES;
				CLANG_WARN_ENUM_CONVERSION = YES;
				CLANG_WARN_INFINITE_RECURSION = YES;
				CLANG_WARN_INT_CONVERSION = YES;
				CLANG_WARN_NON_LITERAL_NULL_CONVERSION = YES;
				CLANG_WARN_OBJC_IMPLICIT_RETAIN_SELF = YES;
				CLANG_WARN_OBJC_LITERAL_CONVERSION = YES;
				CLANG_WARN_OBJC_ROOT_CLASS = YES_ERROR;
				CLANG_WARN_QUOTED_INCLUDE_IN_FRAMEWORK_HEADER = YES;
				CLANG_WARN_RANGE_LOOP_ANALYSIS = YES;
				CLANG_WARN_STRICT_PROTOTYPES = YES;
				CLANG_WARN_SUSPICIOUS_MOVE = YES;
				CLANG_WARN_UNGUARDED_AVAILABILITY = YES_AGGRESSIVE;
				CLANG_WARN_UNREACHABLE_CODE = YES;
				CLANG_WARN__DUPLICATE_METHOD_MATCH = YES;
				COPY_PHASE_STRIP = NO;
				DEBUG_INFORMATION_FORMAT = dwarf;
				ENABLE_STRICT_OBJC_MSGSEND = YES;
				ENABLE_TESTABILITY = YES;
				GCC_C_LANGUAGE_STANDARD = gnu11;
				GCC_DYNAMIC_NO_PIC = NO;
				GCC_NO_COMMON_BLOCKS = YES;
				GCC_OPTIMIZATION_LEVEL = 0;
				GCC_PREPROCESSOR_DEFINITIONS = (
					"DEBUG=1",
					"$(inherited)",
				);
				GCC_WARN_64_TO_32_BIT_CONVERSION = YES;
				GCC_WARN_ABOUT_RETURN_TYPE = YES_ERROR;
				GCC_WARN_UNDECLARED_SELECTOR = YES;
				GCC_WARN_UNINITIALIZED_AUTOS = YES_AGGRESSIVE;
				GCC_WARN_UNUSED_FUNCTION = YES;
				GCC_WARN_UNUSED_VARIABLE = YES;
				IPHONEOS_DEPLOYMENT_TARGET = 16.2;
				MTL_ENABLE_DEBUG_INFO = INCLUDE_SOURCE;
				MTL_FAST_MATH = YES;
				ONLY_ACTIVE_ARCH = YES;
				SDKROOT = iphoneos;
				SWIFT_ACTIVE_COMPILATION_CONDITIONS = DEBUG;
				SWIFT_OPTIMIZATION_LEVEL = "-Onone";
			};
			name = Debug;
		};
		544D051D29A121B300706C1C /* Release */ = {
			isa = XCBuildConfiguration;
			buildSettings = {
				ALWAYS_SEARCH_USER_PATHS = NO;
				CLANG_ANALYZER_NONNULL = YES;
				CLANG_ANALYZER_NUMBER_OBJECT_CONVERSION = YES_AGGRESSIVE;
				CLANG_CXX_LANGUAGE_STANDARD = "gnu++20";
				CLANG_ENABLE_MODULES = YES;
				CLANG_ENABLE_OBJC_ARC = YES;
				CLANG_ENABLE_OBJC_WEAK = YES;
				CLANG_WARN_BLOCK_CAPTURE_AUTORELEASING = YES;
				CLANG_WARN_BOOL_CONVERSION = YES;
				CLANG_WARN_COMMA = YES;
				CLANG_WARN_CONSTANT_CONVERSION = YES;
				CLANG_WARN_DEPRECATED_OBJC_IMPLEMENTATIONS = YES;
				CLANG_WARN_DIRECT_OBJC_ISA_USAGE = YES_ERROR;
				CLANG_WARN_DOCUMENTATION_COMMENTS = YES;
				CLANG_WARN_EMPTY_BODY = YES;
				CLANG_WARN_ENUM_CONVERSION = YES;
				CLANG_WARN_INFINITE_RECURSION = YES;
				CLANG_WARN_INT_CONVERSION = YES;
				CLANG_WARN_NON_LITERAL_NULL_CONVERSION = YES;
				CLANG_WARN_OBJC_IMPLICIT_RETAIN_SELF = YES;
				CLANG_WARN_OBJC_LITERAL_CONVERSION = YES;
				CLANG_WARN_OBJC_ROOT_CLASS = YES_ERROR;
				CLANG_WARN_QUOTED_INCLUDE_IN_FRAMEWORK_HEADER = YES;
				CLANG_WARN_RANGE_LOOP_ANALYSIS = YES;
				CLANG_WARN_STRICT_PROTOTYPES = YES;
				CLANG_WARN_SUSPICIOUS_MOVE = YES;
				CLANG_WARN_UNGUARDED_AVAILABILITY = YES_AGGRESSIVE;
				CLANG_WARN_UNREACHABLE_CODE = YES;
				CLANG_WARN__DUPLICATE_METHOD_MATCH = YES;
				COPY_PHASE_STRIP = NO;
				DEBUG_INFORMATION_FORMAT = "dwarf-with-dsym";
				ENABLE_NS_ASSERTIONS = NO;
				ENABLE_STRICT_OBJC_MSGSEND = YES;
				GCC_C_LANGUAGE_STANDARD = gnu11;
				GCC_NO_COMMON_BLOCKS = YES;
				GCC_WARN_64_TO_32_BIT_CONVERSION = YES;
				GCC_WARN_ABOUT_RETURN_TYPE = YES_ERROR;
				GCC_WARN_UNDECLARED_SELECTOR = YES;
				GCC_WARN_UNINITIALIZED_AUTOS = YES_AGGRESSIVE;
				GCC_WARN_UNUSED_FUNCTION = YES;
				GCC_WARN_UNUSED_VARIABLE = YES;
				IPHONEOS_DEPLOYMENT_TARGET = 16.2;
				MTL_ENABLE_DEBUG_INFO = NO;
				MTL_FAST_MATH = YES;
				SDKROOT = iphoneos;
				SWIFT_COMPILATION_MODE = wholemodule;
				SWIFT_OPTIMIZATION_LEVEL = "-O";
				VALIDATE_PRODUCT = YES;
			};
			name = Release;
		};
		544D051F29A121B300706C1C /* Debug */ = {
			isa = XCBuildConfiguration;
			buildSettings = {
				ASSETCATALOG_COMPILER_APPICON_NAME = AppIcon;
				ASSETCATALOG_COMPILER_GLOBAL_ACCENT_COLOR_NAME = AccentColor;
				CODE_SIGN_STYLE = Automatic;
				CURRENT_PROJECT_VERSION = 1;
				DEVELOPMENT_TEAM = 5AUTXCS3WX;
				GENERATE_INFOPLIST_FILE = YES;
				INFOPLIST_FILE = RickAndMorty/Info.plist;
				INFOPLIST_KEY_CFBundleDisplayName = "Rick & Morty";
				INFOPLIST_KEY_LSApplicationCategoryType = "public.app-category.entertainment";
				INFOPLIST_KEY_UIApplicationSupportsIndirectInputEvents = YES;
				INFOPLIST_KEY_UILaunchStoryboardName = LaunchScreen;
				INFOPLIST_KEY_UISupportedInterfaceOrientations_iPad = "UIInterfaceOrientationPortrait UIInterfaceOrientationPortraitUpsideDown UIInterfaceOrientationLandscapeLeft UIInterfaceOrientationLandscapeRight";
				INFOPLIST_KEY_UISupportedInterfaceOrientations_iPhone = "UIInterfaceOrientationPortrait UIInterfaceOrientationLandscapeLeft UIInterfaceOrientationLandscapeRight";
				LD_RUNPATH_SEARCH_PATHS = (
					"$(inherited)",
					"@executable_path/Frameworks",
				);
				MARKETING_VERSION = 1.0;
				PRODUCT_BUNDLE_IDENTIFIER = me.suleimenov.olzhas.RickAndMorty;
				PRODUCT_NAME = "$(TARGET_NAME)";
				SWIFT_EMIT_LOC_STRINGS = YES;
				SWIFT_VERSION = 5.0;
				TARGETED_DEVICE_FAMILY = "1,2";
			};
			name = Debug;
		};
		544D052029A121B300706C1C /* Release */ = {
			isa = XCBuildConfiguration;
			buildSettings = {
				ASSETCATALOG_COMPILER_APPICON_NAME = AppIcon;
				ASSETCATALOG_COMPILER_GLOBAL_ACCENT_COLOR_NAME = AccentColor;
				CODE_SIGN_STYLE = Automatic;
				CURRENT_PROJECT_VERSION = 1;
				DEVELOPMENT_TEAM = 5AUTXCS3WX;
				GENERATE_INFOPLIST_FILE = YES;
				INFOPLIST_FILE = RickAndMorty/Info.plist;
				INFOPLIST_KEY_CFBundleDisplayName = "Rick & Morty";
				INFOPLIST_KEY_LSApplicationCategoryType = "public.app-category.entertainment";
				INFOPLIST_KEY_UIApplicationSupportsIndirectInputEvents = YES;
				INFOPLIST_KEY_UILaunchStoryboardName = LaunchScreen;
				INFOPLIST_KEY_UISupportedInterfaceOrientations_iPad = "UIInterfaceOrientationPortrait UIInterfaceOrientationPortraitUpsideDown UIInterfaceOrientationLandscapeLeft UIInterfaceOrientationLandscapeRight";
				INFOPLIST_KEY_UISupportedInterfaceOrientations_iPhone = "UIInterfaceOrientationPortrait UIInterfaceOrientationLandscapeLeft UIInterfaceOrientationLandscapeRight";
				LD_RUNPATH_SEARCH_PATHS = (
					"$(inherited)",
					"@executable_path/Frameworks",
				);
				MARKETING_VERSION = 1.0;
				PRODUCT_BUNDLE_IDENTIFIER = me.suleimenov.olzhas.RickAndMorty;
				PRODUCT_NAME = "$(TARGET_NAME)";
				SWIFT_EMIT_LOC_STRINGS = YES;
				SWIFT_VERSION = 5.0;
				TARGETED_DEVICE_FAMILY = "1,2";
			};
			name = Release;
		};
/* End XCBuildConfiguration section */

/* Begin XCConfigurationList section */
		544D050529A121B200706C1C /* Build configuration list for PBXProject "RickAndMorty" */ = {
			isa = XCConfigurationList;
			buildConfigurations = (
				544D051C29A121B300706C1C /* Debug */,
				544D051D29A121B300706C1C /* Release */,
			);
			defaultConfigurationIsVisible = 0;
			defaultConfigurationName = Release;
		};
		544D051E29A121B300706C1C /* Build configuration list for PBXNativeTarget "RickAndMorty" */ = {
			isa = XCConfigurationList;
			buildConfigurations = (
				544D051F29A121B300706C1C /* Debug */,
				544D052029A121B300706C1C /* Release */,
			);
			defaultConfigurationIsVisible = 0;
			defaultConfigurationName = Release;
		};
/* End XCConfigurationList section */
	};
	rootObject = 544D050229A121B200706C1C /* Project object */;
}
